{
  "name": "npm",
  "lockfileVersion": 3,
  "requires": true,
  "packages": {
    "": {
      "dependencies": {
        "@rebilly/instruments": "^9.75.3"
      }
    },
    "node_modules/@rebilly/instruments": {
      "version": "9.75.3",
      "resolved": "https://registry.npmjs.org/@rebilly/instruments/-/instruments-9.75.3.tgz",
      "integrity": "sha512-2rRrT1U8K5r/+XBK7ciGgXhDvtpEBL6tlNwGXnlL4DhdnjFpzoP2T8eveXRXqMJEX6kaML1qJ/7o80vmzSTNzA=="
    }
  }
}
